// !$*UTF8*$!
{
	archiveVersion = 1;
	classes = {
	};
	objectVersion = 50;
	objects = {

/* Begin PBXBuildFile section */
		091FD2CE22C76BB1000BEBFB /* AppDelegate.swift in Sources */ = {isa = PBXBuildFile; fileRef = 091FD2CD22C76BB1000BEBFB /* AppDelegate.swift */; };
		091FD2D022C76BB1000BEBFB /* ViewController.swift in Sources */ = {isa = PBXBuildFile; fileRef = 091FD2CF22C76BB1000BEBFB /* ViewController.swift */; };
		091FD2D322C76BB1000BEBFB /* Main.storyboard in Resources */ = {isa = PBXBuildFile; fileRef = 091FD2D122C76BB1000BEBFB /* Main.storyboard */; };
		091FD2D522C76BB2000BEBFB /* Assets.xcassets in Resources */ = {isa = PBXBuildFile; fileRef = 091FD2D422C76BB2000BEBFB /* Assets.xcassets */; };
		091FD2D822C76BB2000BEBFB /* LaunchScreen.storyboard in Resources */ = {isa = PBXBuildFile; fileRef = 091FD2D622C76BB2000BEBFB /* LaunchScreen.storyboard */; };
		091FD2E022C7D391000BEBFB /* Formview.swift in Sources */ = {isa = PBXBuildFile; fileRef = 091FD2DF22C7D391000BEBFB /* Formview.swift */; };
/* End PBXBuildFile section */

/* Begin PBXFileReference section */
		091FD2CA22C76BB0000BEBFB /* UItext.app */ = {isa = PBXFileReference; explicitFileType = wrapper.application; includeInIndex = 0; path = UItext.app; sourceTree = BUILT_PRODUCTS_DIR; };
		091FD2CD22C76BB1000BEBFB /* AppDelegate.swift */ = {isa = PBXFileReference; lastKnownFileType = sourcecode.swift; path = AppDelegate.swift; sourceTree = "<group>"; };
		091FD2CF22C76BB1000BEBFB /* ViewController.swift */ = {isa = PBXFileReference; lastKnownFileType = sourcecode.swift; path = ViewController.swift; sourceTree = "<group>"; };
		091FD2D222C76BB1000BEBFB /* Base */ = {isa = PBXFileReference; lastKnownFileType = file.storyboard; name = Base; path = Base.lproj/Main.storyboard; sourceTree = "<group>"; };
		091FD2D422C76BB2000BEBFB /* Assets.xcassets */ = {isa = PBXFileReference; lastKnownFileType = folder.assetcatalog; path = Assets.xcassets; sourceTree = "<group>"; };
		091FD2D722C76BB2000BEBFB /* Base */ = {isa = PBXFileReference; lastKnownFileType = file.storyboard; name = Base; path = Base.lproj/LaunchScreen.storyboard; sourceTree = "<group>"; };
		091FD2D922C76BB2000BEBFB /* Info.plist */ = {isa = PBXFileReference; lastKnownFileType = text.plist.xml; path = Info.plist; sourceTree = "<group>"; };
		091FD2DF22C7D391000BEBFB /* Formview.swift */ = {isa = PBXFileReference; lastKnownFileType = sourcecode.swift; path = Formview.swift; sourceTree = "<group>"; };
/* End PBXFileReference section */

/* Begin PBXFrameworksBuildPhase section */
		091FD2C722C76BB0000BEBFB /* Frameworks */ = {
			isa = PBXFrameworksBuildPhase;
			buildActionMask = 2147483647;
			files = (
			);
			runOnlyForDeploymentPostprocessing = 0;
		};
/* End PBXFrameworksBuildPhase section */

/* Begin PBXGroup section */
		091FD2C122C76BB0000BEBFB = {
			isa = PBXGroup;
			children = (
				091FD2CC22C76BB0000BEBFB /* UItext */,
				091FD2CB22C76BB0000BEBFB /* Products */,
			);
			sourceTree = "<group>";
		};
		091FD2CB22C76BB0000BEBFB /* Products */ = {
			isa = PBXGroup;
			children = (
				091FD2CA22C76BB0000BEBFB /* UItext.app */,
			);
			name = Products;
			sourceTree = "<group>";
		};
		091FD2CC22C76BB0000BEBFB /* UItext */ = {
			isa = PBXGroup;
			children = (
				091FD2CD22C76BB1000BEBFB /* AppDelegate.swift */,
				091FD2CF22C76BB1000BEBFB /* ViewController.swift */,
				091FD2DF22C7D391000BEBFB /* Formview.swift */,
				091FD2D122C76BB1000BEBFB /* Main.storyboard */,
				091FD2D422C76BB2000BEBFB /* Assets.xcassets */,
				091FD2D622C76BB2000BEBFB /* LaunchScreen.storyboard */,
				091FD2D922C76BB2000BEBFB /* Info.plist */,
			);
			path = UItext;
			sourceTree = "<group>";
		};
/* End PBXGroup section */

/* Begin PBXNativeTarget section */
		091FD2C922C76BB0000BEBFB /* UItext */ = {
			isa = PBXNativeTarget;
			buildConfigurationList = 091FD2DC22C76BB2000BEBFB /* Build configuration list for PBXNativeTarget "UItext" */;
			buildPhases = (
				091FD2C622C76BB0000BEBFB /* Sources */,
				091FD2C722C76BB0000BEBFB /* Frameworks */,
				091FD2C822C76BB0000BEBFB /* Resources */,
			);
			buildRules = (
			);
			dependencies = (
			);
			name = UItext;
			productName = UItext;
			productReference = 091FD2CA22C76BB0000BEBFB /* UItext.app */;
			productType = "com.apple.product-type.application";
		};
/* End PBXNativeTarget section */

/* Begin PBXProject section */
		091FD2C222C76BB0000BEBFB /* Project object */ = {
			isa = PBXProject;
			attributes = {
				LastSwiftUpdateCheck = 1010;
				LastUpgradeCheck = 1010;
				ORGANIZATIONNAME = yueh;
				TargetAttributes = {
					091FD2C922C76BB0000BEBFB = {
						CreatedOnToolsVersion = 10.1;
					};
				};
			};
			buildConfigurationList = 091FD2C522C76BB0000BEBFB /* Build configuration list for PBXProject "UItext" */;
			compatibilityVersion = "Xcode 9.3";
			developmentRegion = en;
			hasScannedForEncodings = 0;
			knownRegions = (
				en,
				Base,
			);
			mainGroup = 091FD2C122C76BB0000BEBFB;
			productRefGroup = 091FD2CB22C76BB0000BEBFB /* Products */;
			projectDirPath = "";
			projectRoot = "";
			targets = (
				091FD2C922C76BB0000BEBFB /* UItext */,
			);
		};
/* End PBXProject section */

/* Begin PBXResourcesBuildPhase section */
		091FD2C822C76BB0000BEBFB /* Resources */ = {
			isa = PBXResourcesBuildPhase;
			buildActionMask = 2147483647;
			files = (
				091FD2D822C76BB2000BEBFB /* LaunchScreen.storyboard in Resources */,
				091FD2D522C76BB2000BEBFB /* Assets.xcassets in Resources */,
				091FD2D322C76BB1000BEBFB /* Main.storyboard in Resources */,
			);
			runOnlyForDeploymentPostprocessing = 0;
		};
/* End PBXResourcesBuildPhase section */

/* Begin PBXSourcesBuildPhase section */
		091FD2C622C76BB0000BEBFB /* Sources */ = {
			isa = PBXSourcesBuildPhase;
			buildActionMask = 2147483647;
			files = (
				091FD2D022C76BB1000BEBFB /* ViewController.swift in Sources */,
				091FD2CE22C76BB1000BEBFB /* AppDelegate.swift in Sources */,
				091FD2E022C7D391000BEBFB /* Formview.swift in Sources */,
			);
			runOnlyForDeploymentPostprocessing = 0;
		};
/* End PBXSourcesBuildPhase section */

/* Begin PBXVariantGroup section */
		091FD2D122C76BB1000BEBFB /* Main.storyboard */ = {
			isa = PBXVariantGroup;
			children = (
				091FD2D222C76BB1000BEBFB /* Base */,
			);
			name = Main.storyboard;
			sourceTree = "<group>";
		};
		091FD2D622C76BB2000BEBFB /* LaunchScreen.storyboard */ = {
			isa = PBXVariantGroup;
			children = (
				091FD2D722C76BB2000BEBFB /* Base */,
			);
			name = LaunchScreen.storyboard;
			sourceTree = "<group>";
		};
/* End PBXVariantGroup section */

/* Begin XCBuildConfiguration section */
		091FD2DA22C76BB2000BEBFB /* Debug */ = {
			isa = XCBuildConfiguration;
			buildSettings = {
				ALWAYS_SEARCH_USER_PATHS = NO;
				CLANG_ANALYZER_NONNULL = YES;
				CLANG_ANALYZER_NUMBER_OBJECT_CONVERSION = YES_AGGRESSIVE;
				CLANG_CXX_LANGUAGE_STANDARD = "gnu++14";
				CLANG_CXX_LIBRARY = "libc++";
				CLANG_ENABLE_MODULES = YES;
				CLANG_ENABLE_OBJC_ARC = YES;
				CLANG_ENABLE_OBJC_WEAK = YES;
				CLANG_WARN_BLOCK_CAPTURE_AUTORELEASING = YES;
				CLANG_WARN_BOOL_CONVERSION = YES;
				CLANG_WARN_COMMA = YES;
				CLANG_WARN_CONSTANT_CONVERSION = YES;
				CLANG_WARN_DEPRECATED_OBJC_IMPLEMENTATIONS = YES;
				CLANG_WARN_DIRECT_OBJC_ISA_USAGE = YES_ERROR;
				CLANG_WARN_DOCUMENTATION_COMMENTS = YES;
				CLANG_WARN_EMPTY_BODY = YES;
				CLANG_WARN_ENUM_CONVERSION = YES;
				CLANG_WARN_INFINITE_RECURSION = YES;
				CLANG_WARN_INT_CONVERSION = YES;
				CLANG_WARN_NON_LITERAL_NULL_CONVERSION = YES;
				CLANG_WARN_OBJC_IMPLICIT_RETAIN_SELF = YES;
				CLANG_WARN_OBJC_LITERAL_CONVERSION = YES;
				CLANG_WARN_OBJC_ROOT_CLASS = YES_ERROR;
				CLANG_WARN_RANGE_LOOP_ANALYSIS = YES;
				CLANG_WARN_STRICT_PROTOTYPES = YES;
				CLANG_WARN_SUSPICIOUS_MOVE = YES;
				CLANG_WARN_UNGUARDED_AVAILABILITY = YES_AGGRESSIVE;
				CLANG_WARN_UNREACHABLE_CODE = YES;
				CLANG_WARN__DUPLICATE_METHOD_MATCH = YES;
				CODE_SIGN_IDENTITY = "iPhone Developer";
				COPY_PHASE_STRIP = NO;
				DEBUG_INFORMATION_FORMAT = dwarf;
				ENABLE_STRICT_OBJC_MSGSEND = YES;
				ENABLE_TESTABILITY = YES;
				GCC_C_LANGUAGE_STANDARD = gnu11;
				GCC_DYNAMIC_NO_PIC = NO;
				GCC_NO_COMMON_BLOCKS = YES;
				GCC_OPTIMIZATION_LEVEL = 0;
				GCC_PREPROCESSOR_DEFINITIONS = (
					"DEBUG=1",
					"$(inherited)",
				);
				GCC_WARN_64_TO_32_BIT_CONVERSION = YES;
				GCC_WARN_ABOUT_RETURN_TYPE = YES_ERROR;
				GCC_WARN_UNDECLARED_SELECTOR = YES;
				GCC_WARN_UNINITIALIZED_AUTOS = YES_AGGRESSIVE;
				GCC_WARN_UNUSED_FUNCTION = YES;
				GCC_WARN_UNUSED_VARIABLE = YES;
				IPHONEOS_DEPLOYMENT_TARGET = 12.1;
				MTL_ENABLE_DEBUG_INFO = INCLUDE_SOURCE;
				MTL_FAST_MATH = YES;
				ONLY_ACTIVE_ARCH = YES;
				SDKROOT = iphoneos;
				SWIFT_ACTIVE_COMPILATION_CONDITIONS = DEBUG;
				SWIFT_OPTIMIZATION_LEVEL = "-Onone";
			};
			name = Debug;
		};
		091FD2DB22C76BB2000BEBFB /* Release */ = {
			isa = XCBuildConfiguration;
			buildSettings = {
				ALWAYS_SEARCH_USER_PATHS = NO;
				CLANG_ANALYZER_NONNULL = YES;
				CLANG_ANALYZER_NUMBER_OBJECT_CONVERSION = YES_AGGRESSIVE;
				CLANG_CXX_LANGUAGE_STANDARD = "gnu++14";
				CLANG_CXX_LIBRARY = "libc++";
				CLANG_ENABLE_MODULES = YES;
				CLANG_ENABLE_OBJC_ARC = YES;
				CLANG_ENABLE_OBJC_WEAK = YES;
				CLANG_WARN_BLOCK_CAPTURE_AUTORELEASING = YES;
				CLANG_WARN_BOOL_CONVERSION = YES;
				CLANG_WARN_COMMA = YES;
				CLANG_WARN_CONSTANT_CONVERSION = YES;
				CLANG_WARN_DEPRECATED_OBJC_IMPLEMENTATIONS = YES;
				CLANG_WARN_DIRECT_OBJC_ISA_USAGE = YES_ERROR;
				CLANG_WARN_DOCUMENTATION_COMMENTS = YES;
				CLANG_WARN_EMPTY_BODY = YES;
				CLANG_WARN_ENUM_CONVERSION = YES;
				CLANG_WARN_INFINITE_RECURSION = YES;
				CLANG_WARN_INT_CONVERSION = YES;
				CLANG_WARN_NON_LITERAL_NULL_CONVERSION = YES;
				CLANG_WARN_OBJC_IMPLICIT_RETAIN_SELF = YES;
				CLANG_WARN_OBJC_LITERAL_CONVERSION = YES;
				CLANG_WARN_OBJC_ROOT_CLASS = YES_ERROR;
				CLANG_WARN_RANGE_LOOP_ANALYSIS = YES;
				CLANG_WARN_STRICT_PROTOTYPES = YES;
				CLANG_WARN_SUSPICIOUS_MOVE = YES;
				CLANG_WARN_UNGUARDED_AVAILABILITY = YES_AGGRESSIVE;
				CLANG_WARN_UNREACHABLE_CODE = YES;
				CLANG_WARN__DUPLICATE_METHOD_MATCH = YES;
				CODE_SIGN_IDENTITY = "iPhone Developer";
				COPY_PHASE_STRIP = NO;
				DEBUG_INFORMATION_FORMAT = "dwarf-with-dsym";
				ENABLE_NS_ASSERTIONS = NO;
				ENABLE_STRICT_OBJC_MSGSEND = YES;
				GCC_C_LANGUAGE_STANDARD = gnu11;
				GCC_NO_COMMON_BLOCKS = YES;
				GCC_WARN_64_TO_32_BIT_CONVERSION = YES;
				GCC_WARN_ABOUT_RETURN_TYPE = YES_ERROR;
				GCC_WARN_UNDECLARED_SELECTOR = YES;
				GCC_WARN_UNINITIALIZED_AUTOS = YES_AGGRESSIVE;
				GCC_WARN_UNUSED_FUNCTION = YES;
				GCC_WARN_UNUSED_VARIABLE = YES;
				IPHONEOS_DEPLOYMENT_TARGET = 12.1;
				MTL_ENABLE_DEBUG_INFO = NO;
				MTL_FAST_MATH = YES;
				SDKROOT = iphoneos;
				SWIFT_COMPILATION_MODE = wholemodule;
				SWIFT_OPTIMIZATION_LEVEL = "-O";
				VALIDATE_PRODUCT = YES;
			};
			name = Release;
		};
		091FD2DD22C76BB2000BEBFB /* Debug */ = {
			isa = XCBuildConfiguration;
			buildSettings = {
				ASSETCATALOG_COMPILER_APPICON_NAME = AppIcon;
				CODE_SIGN_STYLE = Automatic;
				DEVELOPMENT_TEAM = KQ5YU2R5VY;
				INFOPLIST_FILE = UItext/Info.plist;
				LD_RUNPATH_SEARCH_PATHS = (
					"$(inherited)",
					"@executable_path/Frameworks",
				);
				PRODUCT_BUNDLE_IDENTIFIER = com.yueh.UItext;
				PRODUCT_NAME = "$(TARGET_NAME)";
				SWIFT_VERSION = 4.2;
				TARGETED_DEVICE_FAMILY = "1,2";
			};
			name = Debug;
		};
		091FD2DE22C76BB2000BEBFB /* Release */ = {
			isa = XCBuildConfiguration;
			buildSettings = {
				ASSETCATALOG_COMPILER_APPICON_NAME = AppIcon;
				CODE_SIGN_STYLE = Automatic;
				DEVELOPMENT_TEAM = KQ5YU2R5VY;
				INFOPLIST_FILE = UItext/Info.plist;
				LD_RUNPATH_SEARCH_PATHS = (
					"$(inherited)",
					"@executable_path/Frameworks",
				);
				PRODUCT_BUNDLE_IDENTIFIER = com.yueh.UItext;
				PRODUCT_NAME = "$(TARGET_NAME)";
				SWIFT_VERSION = 4.2;
				TARGETED_DEVICE_FAMILY = "1,2";
			};
			name = Release;
		};
/* End XCBuildConfiguration section */

/* Begin XCConfigurationList section */
		091FD2C522C76BB0000BEBFB /* Build configuration list for PBXProject "UItext" */ = {
			isa = XCConfigurationList;
			buildConfigurations = (
				091FD2DA22C76BB2000BEBFB /* Debug */,
				091FD2DB22C76BB2000BEBFB /* Release */,
			);
			defaultConfigurationIsVisible = 0;
			defaultConfigurationName = Release;
		};
		091FD2DC22C76BB2000BEBFB /* Build configuration list for PBXNativeTarget "UItext" */ = {
			isa = XCConfigurationList;
			buildConfigurations = (
				091FD2DD22C76BB2000BEBFB /* Debug */,
				091FD2DE22C76BB2000BEBFB /* Release */,
			);
			defaultConfigurationIsVisible = 0;
			defaultConfigurationName = Release;
		};
/* End XCConfigurationList section */
	};
	rootObject = 091FD2C222C76BB0000BEBFB /* Project object */;
}
